
Microsoft Visual Studio Solution File, Format Version 12.00
# Visual Studio 15
VisualStudioVersion = 15.0.28307.1169
MinimumVisualStudioVersion = 10.0.40219.1
Project("{FAE04EC0-301F-11D3-BF4B-00C04F79EFBC}") = "WcfServiceCrude", "WcfServiceCrude\WcfServiceCrude.csproj", "{4AEDE8A3-281C-483D-A881-BC4CBCC2D78A}"
EndProject
Project("{FAE04EC0-301F-11D3-BF4B-00C04F79EFBC}") = "WinFormWebApp", "WcfWebApp\WinFormWebApp.csproj", "{06EF78EC-3DA0-4D90-A785-39CDE508104C}"
EndProject
Global
	GlobalSection(SolutionConfigurationPlatforms) = preSolution
		Debug|Any CPU = Debug|Any CPU
		Release|Any CPU = Release|Any CPU
	EndGlobalSection
	GlobalSection(ProjectConfigurationPlatforms) = postSolution
		{4AEDE8A3-281C-483D-A881-BC4CBCC2D78A}.Debug|Any CPU.ActiveCfg = Debug|Any CPU
		{4AEDE8A3-281C-483D-A881-BC4CBCC2D78A}.Debug|Any CPU.Build.0 = Debug|Any CPU
		{4AEDE8A3-281C-483D-A881-BC4CBCC2D78A}.Release|Any CPU.ActiveCfg = Release|Any CPU
		{4AEDE8A3-281C-483D-A881-BC4CBCC2D78A}.Release|Any CPU.Build.0 = Release|Any CPU
		{06EF78EC-3DA0-4D90-A785-39CDE508104C}.Debug|Any CPU.ActiveCfg = Debug|Any CPU
		{06EF78EC-3DA0-4D90-A785-39CDE508104C}.Debug|Any CPU.Build.0 = Debug|Any CPU
		{06EF78EC-3DA0-4D90-A785-39CDE508104C}.Release|Any CPU.ActiveCfg = Release|Any CPU
		{06EF78EC-3DA0-4D90-A785-39CDE508104C}.Release|Any CPU.Build.0 = Release|Any CPU
	EndGlobalSection
	GlobalSection(SolutionProperties) = preSolution
		HideSolutionNode = FALSE
	EndGlobalSection
	GlobalSection(ExtensibilityGlobals) = postSolution
		SolutionGuid = {AE12F0B9-F6D0-49B1-8A9A-332E59F64415}
	EndGlobalSection
EndGlobal
